
Microsoft Visual Studio Solution File, Format Version 12.00
# Visual Studio 2012
Project("{FAE04EC0-301F-11D3-BF4B-00C04F79EFBC}") = "nersary_managment", "nersary_managment\nersary_managment.csproj", "{B6BC3F60-DD18-4600-9ED4-2A457D2BB2FA}"
EndProject
Global
	GlobalSection(SolutionConfigurationPlatforms) = preSolution
		Debug|Any CPU = Debug|Any CPU
		Release|Any CPU = Release|Any CPU
	EndGlobalSection
	GlobalSection(ProjectConfigurationPlatforms) = postSolution
		{B6BC3F60-DD18-4600-9ED4-2A457D2BB2FA}.Debug|Any CPU.ActiveCfg = Debug|Any CPU
		{B6BC3F60-DD18-4600-9ED4-2A457D2BB2FA}.Debug|Any CPU.Build.0 = Debug|Any CPU
		{B6BC3F60-DD18-4600-9ED4-2A457D2BB2FA}.Release|Any CPU.ActiveCfg = Release|Any CPU
		{B6BC3F60-DD18-4600-9ED4-2A457D2BB2FA}.Release|Any CPU.Build.0 = Release|Any CPU
	EndGlobalSection
	GlobalSection(SolutionProperties) = preSolution
		HideSolutionNode = FALSE
	EndGlobalSection
EndGlobal
